
Microsoft Visual Studio Solution File, Format Version 12.00
# Visual Studio Version 16
VisualStudioVersion = 16.0.31729.503
MinimumVisualStudioVersion = 10.0.40219.1
Project("{888888A0-9F3D-457C-B088-3A5042F75D52}") = "Tablitsa", "Tablitsa\Tablitsa.pyproj", "{8BD432EC-1CC7-44CA-922A-6182506F20CB}"
EndProject
Global
	GlobalSection(SolutionConfigurationPlatforms) = preSolution
		Debug|Any CPU = Debug|Any CPU
		Release|Any CPU = Release|Any CPU
	EndGlobalSection
	GlobalSection(ProjectConfigurationPlatforms) = postSolution
		{8BD432EC-1CC7-44CA-922A-6182506F20CB}.Debug|Any CPU.ActiveCfg = Debug|Any CPU
		{8BD432EC-1CC7-44CA-922A-6182506F20CB}.Release|Any CPU.ActiveCfg = Release|Any CPU
	EndGlobalSection
	GlobalSection(SolutionProperties) = preSolution
		HideSolutionNode = FALSE
	EndGlobalSection
	GlobalSection(ExtensibilityGlobals) = postSolution
		SolutionGuid = {5DDF4C64-B7E8-4C32-8282-5122E8EB6819}
	EndGlobalSection
EndGlobal
